
Microsoft Visual Studio Solution File, Format Version 12.00
# Visual Studio Version 17
VisualStudioVersion = 17.13.35931.197 d17.13
MinimumVisualStudioVersion = 10.0.40219.1
Project("{FAE04EC0-301F-11D3-BF4B-00C04F79EFBC}") = "Crud", "Crud\Crud.csproj", "{858BE29D-235A-41BE-BE31-C50CF9A49AED}"
EndProject
Global
	GlobalSection(SolutionConfigurationPlatforms) = preSolution
		Debug|Any CPU = Debug|Any CPU
		Release|Any CPU = Release|Any CPU
	EndGlobalSection
	GlobalSection(ProjectConfigurationPlatforms) = postSolution
		{858BE29D-235A-41BE-BE31-C50CF9A49AED}.Debug|Any CPU.ActiveCfg = Debug|Any CPU
		{858BE29D-235A-41BE-BE31-C50CF9A49AED}.Debug|Any CPU.Build.0 = Debug|Any CPU
		{858BE29D-235A-41BE-BE31-C50CF9A49AED}.Release|Any CPU.ActiveCfg = Release|Any CPU
		{858BE29D-235A-41BE-BE31-C50CF9A49AED}.Release|Any CPU.Build.0 = Release|Any CPU
	EndGlobalSection
	GlobalSection(SolutionProperties) = preSolution
		HideSolutionNode = FALSE
	EndGlobalSection
	GlobalSection(ExtensibilityGlobals) = postSolution
		SolutionGuid = {94F4C31D-D565-4C3E-A4EC-F148FE9DA7D1}
	EndGlobalSection
EndGlobal
