
Microsoft Visual Studio Solution File, Format Version 12.00
# Visual Studio Version 17
VisualStudioVersion = 17.13.35931.197 d17.13
MinimumVisualStudioVersion = 10.0.40219.1
Project("{FAE04EC0-301F-11D3-BF4B-00C04F79EFBC}") = "A3", "A3\A3.csproj", "{2974ECA7-2C1A-465A-BAF6-07238FA38468}"
EndProject
Global
	GlobalSection(SolutionConfigurationPlatforms) = preSolution
		Debug|Any CPU = Debug|Any CPU
		Release|Any CPU = Release|Any CPU
	EndGlobalSection
	GlobalSection(ProjectConfigurationPlatforms) = postSolution
		{2974ECA7-2C1A-465A-BAF6-07238FA38468}.Debug|Any CPU.ActiveCfg = Debug|Any CPU
		{2974ECA7-2C1A-465A-BAF6-07238FA38468}.Debug|Any CPU.Build.0 = Debug|Any CPU
		{2974ECA7-2C1A-465A-BAF6-07238FA38468}.Release|Any CPU.ActiveCfg = Release|Any CPU
		{2974ECA7-2C1A-465A-BAF6-07238FA38468}.Release|Any CPU.Build.0 = Release|Any CPU
	EndGlobalSection
	GlobalSection(SolutionProperties) = preSolution
		HideSolutionNode = FALSE
	EndGlobalSection
	GlobalSection(ExtensibilityGlobals) = postSolution
		SolutionGuid = {8A4EE701-3CA7-4832-8A29-2396D23D3A2D}
	EndGlobalSection
EndGlobal
